{
  "name": "altcha-service",
  "version": "0.1.1",
  "lockfileVersion": 3,
  "requires": true,
  "packages": {
    "": {
      "name": "altcha-service",
      "version": "0.1.1",
      "license": "MIT",
      "dependencies": {
        "altcha": "3.3.0",
        "altcha-lib": "2.6.0"
      },
      "engines": {
        "node": ">=24.15"
      }
    },
    "node_modules/altcha": {
      "version": "3.3.0",
      "resolved": "https://registry.npmjs.org/altcha/-/altcha-3.3.0.tgz",
      "integrity": "sha512-olIeb1A5K2wzbFSxV3qgeknygbdJt7qmzCfAZn704PWsE9iGrfc/oTw1FfiESjsvaJf8Uk6elJX8opKq5u7dTw==",
      "license": "MIT",
      "dependencies": {
        "hash-wasm": "^4.12.0"
      }
    },
    "node_modules/altcha-lib": {
      "version": "2.6.0",
      "resolved": "https://registry.npmjs.org/altcha-lib/-/altcha-lib-2.6.0.tgz",
      "integrity": "sha512-mBp/KxMZmQkckWX5iM0gHqCm0qTLGhF9r8hhFjNrBpzP0qHZBadR9oafxVx9cTLHl4h2+f56N4hRIrZzvonYLQ==",
      "license": "MIT",
      "bin": {
        "altcha-lib": "bin/cli.mjs"
      },
      "peerDependencies": {
        "@fastify/cookie": "^11.0.0",
        "@fastify/cors": "^11.0.0",
        "@fastify/formbody": "^8.0.0 || ^9.0.0",
        "@nestjs/common": "^10.0.0 || ^11.0.0 || ^12.0.0",
        "@nestjs/core": "^10.0.0 || ^11.0.0 || ^12.0.0",
        "@nestjs/platform-express": "^10.0.0 || ^11.0.0 || ^12.0.0",
        "@nestjs/platform-fastify": "^10.0.0 || ^11.0.0 || ^12.0.0",
        "@sveltejs/kit": "^2.0.0",
        "cookie-parser": "^1.0.0",
        "cors": "^2.0.0",
        "express": "^4.0.0 || ^5.0.0",
        "fastify": "^5.0.0",
        "h3": "^2.0.0",
        "hono": "^4.0.0"
      },
      "peerDependenciesMeta": {
        "@fastify/cookie": {
          "optional": true
        },
        "@fastify/cors": {
          "optional": true
        },
        "@fastify/formbody": {
          "optional": true
        },
        "@nestjs/common": {
          "optional": true
        },
        "@nestjs/core": {
          "optional": true
        },
        "@nestjs/platform-express": {
          "optional": true
        },
        "@nestjs/platform-fastify": {
          "optional": true
        },
        "@sveltejs/kit": {
          "optional": true
        },
        "cookie-parser": {
          "optional": true
        },
        "cors": {
          "optional": true
        },
        "express": {
          "optional": true
        },
        "fastify": {
          "optional": true
        },
        "h3": {
          "optional": true
        },
        "hono": {
          "optional": true
        }
      }
    },
    "node_modules/hash-wasm": {
      "version": "4.12.0",
      "resolved": "https://registry.npmjs.org/hash-wasm/-/hash-wasm-4.12.0.tgz",
      "integrity": "sha512-+/2B2rYLb48I/evdOIhP+K/DD2ca2fgBjp6O+GBEnCDk2e4rpeXIK8GvIyRPjTezgmWn9gmKwkQjjx6BtqDHVQ==",
      "license": "MIT"
    }
  }
}
